
Microsoft Visual Studio Solution File, Format Version 12.00
# Visual Studio Version 17
VisualStudioVersion = 17.10.35027.167
MinimumVisualStudioVersion = 10.0.40219.1
Project("{FAE04EC0-301F-11D3-BF4B-00C04F79EFBC}") = "IdeaCenterPOM", "ExamPrepFrondEnd1Demo\IdeaCenterPOM.csproj", "{1F8BAE4A-6ADD-4405-ABDE-A1AE4FE2CD56}"
EndProject
Global
	GlobalSection(SolutionConfigurationPlatforms) = preSolution
		Debug|Any CPU = Debug|Any CPU
		Release|Any CPU = Release|Any CPU
	EndGlobalSection
	GlobalSection(ProjectConfigurationPlatforms) = postSolution
		{1F8BAE4A-6ADD-4405-ABDE-A1AE4FE2CD56}.Debug|Any CPU.ActiveCfg = Debug|Any CPU
		{1F8BAE4A-6ADD-4405-ABDE-A1AE4FE2CD56}.Debug|Any CPU.Build.0 = Debug|Any CPU
		{1F8BAE4A-6ADD-4405-ABDE-A1AE4FE2CD56}.Release|Any CPU.ActiveCfg = Release|Any CPU
		{1F8BAE4A-6ADD-4405-ABDE-A1AE4FE2CD56}.Release|Any CPU.Build.0 = Release|Any CPU
	EndGlobalSection
	GlobalSection(SolutionProperties) = preSolution
		HideSolutionNode = FALSE
	EndGlobalSection
	GlobalSection(ExtensibilityGlobals) = postSolution
		SolutionGuid = {7BF3045E-5C61-4569-AA6A-10B5113C291E}
	EndGlobalSection
EndGlobal
